// !$*UTF8*$!
{
	archiveVersion = 1;
	classes = {
	};
	objectVersion = 50;
	objects = {

/* Begin PBXBuildFile section */
		7C7BC6F2259B110D007D4CC4 /* PSDWriter.m in Sources */ = {isa = PBXBuildFile; fileRef = 7C7BC6ED259B110D007D4CC4 /* PSDWriter.m */; };
		7C7BC6F3259B110D007D4CC4 /* PSDLayer.m in Sources */ = {isa = PBXBuildFile; fileRef = 7C7BC6EE259B110D007D4CC4 /* PSDLayer.m */; };
		7C7BC6F4259B110D007D4CC4 /* NSDataPSDAdditions.m in Sources */ = {isa = PBXBuildFile; fileRef = 7C7BC6EF259B110D007D4CC4 /* NSDataPSDAdditions.m */; };
		7CEDE4C1259C48DD0052EE32 /* PSDWriterUtils.m in Sources */ = {isa = PBXBuildFile; fileRef = 7CEDE4C0259C48DD0052EE32 /* PSDWriterUtils.m */; };
/* End PBXBuildFile section */

/* Begin PBXCopyFilesBuildPhase section */
		7C7BC6DC259B10D1007D4CC4 /* CopyFiles */ = {
			isa = PBXCopyFilesBuildPhase;
			buildActionMask = 2147483647;
			dstPath = "include/$(PRODUCT_NAME)";
			dstSubfolderSpec = 16;
			files = (
			);
			runOnlyForDeploymentPostprocessing = 0;
		};
/* End PBXCopyFilesBuildPhase section */

/* Begin PBXFileReference section */
		7C7BC6DE259B10D1007D4CC4 /* libPSDWriter.a */ = {isa = PBXFileReference; explicitFileType = archive.ar; includeInIndex = 0; path = libPSDWriter.a; sourceTree = BUILT_PRODUCTS_DIR; };
		7C7BC6EC259B110D007D4CC4 /* PSDWriter.h */ = {isa = PBXFileReference; fileEncoding = 4; lastKnownFileType = sourcecode.c.h; path = PSDWriter.h; sourceTree = "<group>"; };
		7C7BC6ED259B110D007D4CC4 /* PSDWriter.m */ = {isa = PBXFileReference; fileEncoding = 4; lastKnownFileType = sourcecode.c.objc; path = PSDWriter.m; sourceTree = "<group>"; };
		7C7BC6EE259B110D007D4CC4 /* PSDLayer.m */ = {isa = PBXFileReference; fileEncoding = 4; lastKnownFileType = sourcecode.c.objc; path = PSDLayer.m; sourceTree = "<group>"; };
		7C7BC6EF259B110D007D4CC4 /* NSDataPSDAdditions.m */ = {isa = PBXFileReference; fileEncoding = 4; lastKnownFileType = sourcecode.c.objc; path = NSDataPSDAdditions.m; sourceTree = "<group>"; };
		7C7BC6F0259B110D007D4CC4 /* NSDataPSDAdditions.h */ = {isa = PBXFileReference; fileEncoding = 4; lastKnownFileType = sourcecode.c.h; path = NSDataPSDAdditions.h; sourceTree = "<group>"; };
		7C7BC6F1259B110D007D4CC4 /* PSDLayer.h */ = {isa = PBXFileReference; fileEncoding = 4; lastKnownFileType = sourcecode.c.h; path = PSDLayer.h; sourceTree = "<group>"; };
		7CEDE4BF259C48C60052EE32 /* PSDWriterUtils.h */ = {isa = PBXFileReference; lastKnownFileType = sourcecode.c.h; path = PSDWriterUtils.h; sourceTree = "<group>"; };
		7CEDE4C0259C48DD0052EE32 /* PSDWriterUtils.m */ = {isa = PBXFileReference; lastKnownFileType = sourcecode.c.objc; path = PSDWriterUtils.m; sourceTree = "<group>"; };
/* End PBXFileReference section */

/* Begin PBXFrameworksBuildPhase section */
		7C7BC6DB259B10D1007D4CC4 /* Frameworks */ = {
			isa = PBXFrameworksBuildPhase;
			buildActionMask = 2147483647;
			files = (
			);
			runOnlyForDeploymentPostprocessing = 0;
		};
/* End PBXFrameworksBuildPhase section */

/* Begin PBXGroup section */
		7C7BC6D5259B10D1007D4CC4 = {
			isa = PBXGroup;
			children = (
				7C7BC6E0259B10D1007D4CC4 /* PSDWriter */,
				7C7BC6DF259B10D1007D4CC4 /* Products */,
			);
			sourceTree = "<group>";
		};
		7C7BC6DF259B10D1007D4CC4 /* Products */ = {
			isa = PBXGroup;
			children = (
				7C7BC6DE259B10D1007D4CC4 /* libPSDWriter.a */,
			);
			name = Products;
			sourceTree = "<group>";
		};
		7C7BC6E0259B10D1007D4CC4 /* PSDWriter */ = {
			isa = PBXGroup;
			children = (
				7C7BC6F0259B110D007D4CC4 /* NSDataPSDAdditions.h */,
				7C7BC6EF259B110D007D4CC4 /* NSDataPSDAdditions.m */,
				7C7BC6F1259B110D007D4CC4 /* PSDLayer.h */,
				7C7BC6EE259B110D007D4CC4 /* PSDLayer.m */,
				7C7BC6EC259B110D007D4CC4 /* PSDWriter.h */,
				7C7BC6ED259B110D007D4CC4 /* PSDWriter.m */,
				7CEDE4BF259C48C60052EE32 /* PSDWriterUtils.h */,
				7CEDE4C0259C48DD0052EE32 /* PSDWriterUtils.m */,
			);
			path = PSDWriter;
			sourceTree = "<group>";
		};
/* End PBXGroup section */

/* Begin PBXNativeTarget section */
		7C7BC6DD259B10D1007D4CC4 /* PSDWriter */ = {
			isa = PBXNativeTarget;
			buildConfigurationList = 7C7BC6E7259B10D1007D4CC4 /* Build configuration list for PBXNativeTarget "PSDWriter" */;
			buildPhases = (
				7C7BC6DA259B10D1007D4CC4 /* Sources */,
				7C7BC6DB259B10D1007D4CC4 /* Frameworks */,
				7C7BC6DC259B10D1007D4CC4 /* CopyFiles */,
			);
			buildRules = (
			);
			dependencies = (
			);
			name = PSDWriter;
			productName = PSDWriter;
			productReference = 7C7BC6DE259B10D1007D4CC4 /* libPSDWriter.a */;
			productType = "com.apple.product-type.library.static";
		};
/* End PBXNativeTarget section */

/* Begin PBXProject section */
		7C7BC6D6259B10D1007D4CC4 /* Project object */ = {
			isa = PBXProject;
			attributes = {
				LastUpgradeCheck = 1230;
				TargetAttributes = {
					7C7BC6DD259B10D1007D4CC4 = {
						CreatedOnToolsVersion = 12.3;
					};
				};
			};
			buildConfigurationList = 7C7BC6D9259B10D1007D4CC4 /* Build configuration list for PBXProject "PSDWriter" */;
			compatibilityVersion = "Xcode 9.3";
			developmentRegion = en;
			hasScannedForEncodings = 0;
			knownRegions = (
				en,
				Base,
			);
			mainGroup = 7C7BC6D5259B10D1007D4CC4;
			productRefGroup = 7C7BC6DF259B10D1007D4CC4 /* Products */;
			projectDirPath = "";
			projectRoot = "";
			targets = (
				7C7BC6DD259B10D1007D4CC4 /* PSDWriter */,
			);
		};
/* End PBXProject section */

/* Begin PBXSourcesBuildPhase section */
		7C7BC6DA259B10D1007D4CC4 /* Sources */ = {
			isa = PBXSourcesBuildPhase;
			buildActionMask = 2147483647;
			files = (
				7CEDE4C1259C48DD0052EE32 /* PSDWriterUtils.m in Sources */,
				7C7BC6F4259B110D007D4CC4 /* NSDataPSDAdditions.m in Sources */,
				7C7BC6F2259B110D007D4CC4 /* PSDWriter.m in Sources */,
				7C7BC6F3259B110D007D4CC4 /* PSDLayer.m in Sources */,
			);
			runOnlyForDeploymentPostprocessing = 0;
		};
/* End PBXSourcesBuildPhase section */

/* Begin XCBuildConfiguration section */
		7C7BC6E5259B10D1007D4CC4 /* Debug */ = {
			isa = XCBuildConfiguration;
			buildSettings = {
				ALWAYS_SEARCH_USER_PATHS = NO;
				CLANG_ANALYZER_NONNULL = YES;
				CLANG_ANALYZER_NUMBER_OBJECT_CONVERSION = YES_AGGRESSIVE;
				CLANG_CXX_LANGUAGE_STANDARD = "gnu++14";
				CLANG_CXX_LIBRARY = "libc++";
				CLANG_ENABLE_MODULES = YES;
				CLANG_ENABLE_OBJC_ARC = NO;
				CLANG_ENABLE_OBJC_WEAK = YES;
				CLANG_WARN_BLOCK_CAPTURE_AUTORELEASING = YES;
				CLANG_WARN_BOOL_CONVERSION = YES;
				CLANG_WARN_COMMA = YES;
				CLANG_WARN_CONSTANT_CONVERSION = YES;
				CLANG_WARN_DEPRECATED_OBJC_IMPLEMENTATIONS = YES;
				CLANG_WARN_DIRECT_OBJC_ISA_USAGE = YES_ERROR;
				CLANG_WARN_DOCUMENTATION_COMMENTS = YES;
				CLANG_WARN_EMPTY_BODY = YES;
				CLANG_WARN_ENUM_CONVERSION = YES;
				CLANG_WARN_INFINITE_RECURSION = YES;
				CLANG_WARN_INT_CONVERSION = YES;
				CLANG_WARN_NON_LITERAL_NULL_CONVERSION = YES;
				CLANG_WARN_OBJC_IMPLICIT_RETAIN_SELF = YES;
				CLANG_WARN_OBJC_LITERAL_CONVERSION = YES;
				CLANG_WARN_OBJC_ROOT_CLASS = YES_ERROR;
				CLANG_WARN_QUOTED_INCLUDE_IN_FRAMEWORK_HEADER = YES;
				CLANG_WARN_RANGE_LOOP_ANALYSIS = YES;
				CLANG_WARN_STRICT_PROTOTYPES = YES;
				CLANG_WARN_SUSPICIOUS_MOVE = YES;
				CLANG_WARN_UNGUARDED_AVAILABILITY = YES_AGGRESSIVE;
				CLANG_WARN_UNREACHABLE_CODE = YES;
				CLANG_WARN__DUPLICATE_METHOD_MATCH = YES;
				COPY_PHASE_STRIP = NO;
				DEBUG_INFORMATION_FORMAT = dwarf;
				ENABLE_STRICT_OBJC_MSGSEND = YES;
				ENABLE_TESTABILITY = YES;
				GCC_C_LANGUAGE_STANDARD = gnu11;
				GCC_DYNAMIC_NO_PIC = NO;
				GCC_NO_COMMON_BLOCKS = YES;
				GCC_OPTIMIZATION_LEVEL = 0;
				GCC_PREPROCESSOR_DEFINITIONS = (
					"DEBUG=1",
					"$(inherited)",
				);
				GCC_WARN_64_TO_32_BIT_CONVERSION = YES;
				GCC_WARN_ABOUT_RETURN_TYPE = YES_ERROR;
				GCC_WARN_UNDECLARED_SELECTOR = YES;
				GCC_WARN_UNINITIALIZED_AUTOS = YES_AGGRESSIVE;
				GCC_WARN_UNUSED_FUNCTION = YES;
				GCC_WARN_UNUSED_VARIABLE = YES;
				IPHONEOS_DEPLOYMENT_TARGET = 13.0;
				MTL_ENABLE_DEBUG_INFO = INCLUDE_SOURCE;
				MTL_FAST_MATH = YES;
				ONLY_ACTIVE_ARCH = YES;
				SDKROOT = iphoneos;
			};
			name = Debug;
		};
		7C7BC6E6259B10D1007D4CC4 /* Release */ = {
			isa = XCBuildConfiguration;
			buildSettings = {
				ALWAYS_SEARCH_USER_PATHS = NO;
				CLANG_ANALYZER_NONNULL = YES;
				CLANG_ANALYZER_NUMBER_OBJECT_CONVERSION = YES_AGGRESSIVE;
				CLANG_CXX_LANGUAGE_STANDARD = "gnu++14";
				CLANG_CXX_LIBRARY = "libc++";
				CLANG_ENABLE_MODULES = YES;
				CLANG_ENABLE_OBJC_ARC = NO;
				CLANG_ENABLE_OBJC_WEAK = YES;
				CLANG_WARN_BLOCK_CAPTURE_AUTORELEASING = YES;
				CLANG_WARN_BOOL_CONVERSION = YES;
				CLANG_WARN_COMMA = YES;
				CLANG_WARN_CONSTANT_CONVERSION = YES;
				CLANG_WARN_DEPRECATED_OBJC_IMPLEMENTATIONS = YES;
				CLANG_WARN_DIRECT_OBJC_ISA_USAGE = YES_ERROR;
				CLANG_WARN_DOCUMENTATION_COMMENTS = YES;
				CLANG_WARN_EMPTY_BODY = YES;
				CLANG_WARN_ENUM_CONVERSION = YES;
				CLANG_WARN_INFINITE_RECURSION = YES;
				CLANG_WARN_INT_CONVERSION = YES;
				CLANG_WARN_NON_LITERAL_NULL_CONVERSION = YES;
				CLANG_WARN_OBJC_IMPLICIT_RETAIN_SELF = YES;
				CLANG_WARN_OBJC_LITERAL_CONVERSION = YES;
				CLANG_WARN_OBJC_ROOT_CLASS = YES_ERROR;
				CLANG_WARN_QUOTED_INCLUDE_IN_FRAMEWORK_HEADER = YES;
				CLANG_WARN_RANGE_LOOP_ANALYSIS = YES;
				CLANG_WARN_STRICT_PROTOTYPES = YES;
				CLANG_WARN_SUSPICIOUS_MOVE = YES;
				CLANG_WARN_UNGUARDED_AVAILABILITY = YES_AGGRESSIVE;
				CLANG_WARN_UNREACHABLE_CODE = YES;
				CLANG_WARN__DUPLICATE_METHOD_MATCH = YES;
				COPY_PHASE_STRIP = NO;
				DEBUG_INFORMATION_FORMAT = "dwarf-with-dsym";
				ENABLE_NS_ASSERTIONS = NO;
				ENABLE_STRICT_OBJC_MSGSEND = YES;
				GCC_C_LANGUAGE_STANDARD = gnu11;
				GCC_NO_COMMON_BLOCKS = YES;
				GCC_WARN_64_TO_32_BIT_CONVERSION = YES;
				GCC_WARN_ABOUT_RETURN_TYPE = YES_ERROR;
				GCC_WARN_UNDECLARED_SELECTOR = YES;
				GCC_WARN_UNINITIALIZED_AUTOS = YES_AGGRESSIVE;
				GCC_WARN_UNUSED_FUNCTION = YES;
				GCC_WARN_UNUSED_VARIABLE = YES;
				IPHONEOS_DEPLOYMENT_TARGET = 13.0;
				MTL_ENABLE_DEBUG_INFO = NO;
				MTL_FAST_MATH = YES;
				SDKROOT = iphoneos;
				VALIDATE_PRODUCT = YES;
			};
			name = Release;
		};
		7C7BC6E8259B10D1007D4CC4 /* Debug */ = {
			isa = XCBuildConfiguration;
			buildSettings = {
				CODE_SIGN_STYLE = Automatic;
				DEVELOPMENT_TEAM = G3D8Y626PB;
				OTHER_LDFLAGS = "-ObjC";
				PRODUCT_NAME = "$(TARGET_NAME)";
				SKIP_INSTALL = YES;
				TARGETED_DEVICE_FAMILY = "1,2";
			};
			name = Debug;
		};
		7C7BC6E9259B10D1007D4CC4 /* Release */ = {
			isa = XCBuildConfiguration;
			buildSettings = {
				CODE_SIGN_STYLE = Automatic;
				DEVELOPMENT_TEAM = G3D8Y626PB;
				OTHER_LDFLAGS = "-ObjC";
				PRODUCT_NAME = "$(TARGET_NAME)";
				SKIP_INSTALL = YES;
				TARGETED_DEVICE_FAMILY = "1,2";
			};
			name = Release;
		};
/* End XCBuildConfiguration section */

/* Begin XCConfigurationList section */
		7C7BC6D9259B10D1007D4CC4 /* Build configuration list for PBXProject "PSDWriter" */ = {
			isa = XCConfigurationList;
			buildConfigurations = (
				7C7BC6E5259B10D1007D4CC4 /* Debug */,
				7C7BC6E6259B10D1007D4CC4 /* Release */,
			);
			defaultConfigurationIsVisible = 0;
			defaultConfigurationName = Release;
		};
		7C7BC6E7259B10D1007D4CC4 /* Build configuration list for PBXNativeTarget "PSDWriter" */ = {
			isa = XCConfigurationList;
			buildConfigurations = (
				7C7BC6E8259B10D1007D4CC4 /* Debug */,
				7C7BC6E9259B10D1007D4CC4 /* Release */,
			);
			defaultConfigurationIsVisible = 0;
			defaultConfigurationName = Release;
		};
/* End XCConfigurationList section */
	};
	rootObject = 7C7BC6D6259B10D1007D4CC4 /* Project object */;
}
